{
  "version": 2,
  "dependencies": {
    "net9.0": {
      "Npgsql.EntityFrameworkCore.PostgreSQL": {
        "type": "Direct",
        "requested": "[9.0.2, )",
        "resolved": "9.0.2",
        "contentHash": "cYdOGplIvr9KgsG8nJ8xnzBTImeircbgetlzS1OmepS5dAQW6PuGpVrLOKBNEwEvGYZPsV8037X5vZ/Dmpwz7Q==",
        "dependencies": {
          "Microsoft.EntityFrameworkCore": "[9.0.0, 10.0.0)",
          "Microsoft.EntityFrameworkCore.Relational": "[9.0.0, 10.0.0)",
          "Npgsql": "9.0.2"
        }
      },
      "Testcontainers.PostgreSql": {
        "type": "Direct",
        "requested": "[4.1.0, )",
        "resolved": "4.1.0",
        "contentHash": "7e9JH4m76/t4/MjmXgwt3fmfID80nY7MTo4UXHMisix3F3OoDmRC71absOshwxQQ/mCZNxR37HehgC51rt/YaA==",
        "dependencies": {
          "Testcontainers": "4.1.0"
        }
      },
      "Docker.DotNet.Enhanced": {
        "type": "Transitive",
        "resolved": "3.126.1",
        "contentHash": "UPyLBLBaVE3s7OCWM0h5g9w6mUOag5sOIP5CldFQekIWo/gHixgZR+o5fG7eCFH4ZdKlvBGM4ALFuOyPoKoJ3A=="
      },
      "Docker.DotNet.Enhanced.X509": {
        "type": "Transitive",
        "resolved": "3.126.1",
        "contentHash": "XFHMC/iWHbloQgg9apZrxu010DmSamaAggu8nomCqTeotGyUGkv2Tt/aqk1ljC/4tjtTrb9LtFQwYpwZbMbiKg==",
        "dependencies": {
          "Docker.DotNet.Enhanced": "3.126.1"
        }
      },
      "Microsoft.Bcl.AsyncInterfaces": {
        "type": "Transitive",
        "resolved": "6.0.0",
        "contentHash": "UcSjPsst+DfAdJGVDsu346FX0ci0ah+lw3WRtn18NUwEqRt70HaOQ7lI72vy3+1LxtqI3T5GWwV39rQSrCzAeg=="
      },
      "Microsoft.EntityFrameworkCore.Abstractions": {
        "type": "Transitive",
        "resolved": "9.0.0",
        "contentHash": "fnmifFL8KaA4ZNLCVgfjCWhZUFxkrDInx5hR4qG7Q8IEaSiy/6VOSRFyx55oH7MV4y7wM3J3EE90nSpcVBI44Q=="
      },
      "Microsoft.EntityFrameworkCore.Analyzers": {
        "type": "Transitive",
        "resolved": "9.0.0",
        "contentHash": "Qje+DzXJOKiXF72SL0XxNlDtTkvWWvmwknuZtFahY5hIQpRKO59qnGuERIQ3qlzuq5x4bAJ8WMbgU5DLhBgeOQ=="
      },
      "Microsoft.EntityFrameworkCore.Relational": {
        "type": "Transitive",
        "resolved": "9.0.0",
        "contentHash": "j+msw6fWgAE9M3Q/5B9Uhv7pdAdAQUvFPJAiBJmoy+OXvehVbfbCE8ftMAa51Uo2ZeiqVnHShhnv4Y4UJJmUzA==",
        "dependencies": {
          "Microsoft.EntityFrameworkCore": "9.0.0",
          "Microsoft.Extensions.Caching.Memory": "9.0.0",
          "Microsoft.Extensions.Configuration.Abstractions": "9.0.0",
          "Microsoft.Extensions.Logging": "9.0.0"
        }
      },
      "Microsoft.Extensions.Caching.Abstractions": {
        "type": "Transitive",
        "resolved": "9.0.0",
        "contentHash": "FPWZAa9c0H4dvOj351iR1jkUIs4u9ykL4Bm592yhjDyO5lCoWd+TMAHx2EMbarzUvCvgjWjJIoC6//Q9kH6YhA==",
        "dependencies": {
          "Microsoft.Extensions.Primitives": "9.0.0"
        }
      },
      "Microsoft.Extensions.Caching.Memory": {
        "type": "Transitive",
        "resolved": "9.0.0",
        "contentHash": "zbnPX/JQ0pETRSUG9fNPBvpIq42Aufvs15gGYyNIMhCun9yhmWihz0WgsI7bSDPjxWTKBf8oX/zv6v2uZ3W9OQ==",
        "dependencies": {
          "Microsoft.Extensions.Caching.Abstractions": "9.0.0",
          "Microsoft.Extensions.DependencyInjection.Abstractions": "9.0.0",
          "Microsoft.Extensions.Logging.Abstractions": "9.0.0",
          "Microsoft.Extensions.Options": "9.0.0",
          "Microsoft.Extensions.Primitives": "9.0.0"
        }
      },
      "Microsoft.Extensions.Configuration.Abstractions": {
        "type": "Transitive",
        "resolved": "9.0.0",
        "contentHash": "lqvd7W3FGKUO1+ZoUEMaZ5XDJeWvjpy2/M/ptCGz3tXLD4HWVaSzjufsAsjemasBEg+2SxXVtYVvGt5r2nKDlg==",
        "dependencies": {
          "Microsoft.Extensions.Primitives": "9.0.0"
        }
      },
      "Microsoft.Extensions.DependencyInjection": {
        "type": "Transitive",
        "resolved": "9.0.0",
        "contentHash": "MCPrg7v3QgNMr0vX4vzRXvkNGgLg8vKWX0nKCWUxu2uPyMsaRgiRc1tHBnbTcfJMhMKj2slE/j2M9oGkd25DNw==",
        "dependencies": {
          "Microsoft.Extensions.DependencyInjection.Abstractions": "9.0.0"
        }
      },
      "Microsoft.Extensions.DependencyInjection.Abstractions": {
        "type": "Transitive",
        "resolved": "9.0.0",
        "contentHash": "+6f2qv2a3dLwd5w6JanPIPs47CxRbnk+ZocMJUhv9NxP88VlOcJYZs9jY+MYSjxvady08bUZn6qgiNh7DadGgg=="
      },
      "Microsoft.Extensions.Logging": {
        "type": "Transitive",
        "resolved": "9.0.0",
        "contentHash": "crjWyORoug0kK7RSNJBTeSE6VX8IQgLf3nUpTB9m62bPXp/tzbnOsnbe8TXEG0AASNaKZddnpHKw7fET8E++Pg==",
        "dependencies": {
          "Microsoft.Extensions.DependencyInjection": "9.0.0",
          "Microsoft.Extensions.Logging.Abstractions": "9.0.0",
          "Microsoft.Extensions.Options": "9.0.0"
        }
      },
      "Microsoft.Extensions.Logging.Abstractions": {
        "type": "Transitive",
        "resolved": "9.0.0",
        "contentHash": "g0UfujELzlLbHoVG8kPKVBaW470Ewi+jnptGS9KUi6jcb+k2StujtK3m26DFSGGwQ/+bVgZfsWqNzlP6YOejvw==",
        "dependencies": {
          "Microsoft.Extensions.DependencyInjection.Abstractions": "9.0.0"
        }
      },
      "Microsoft.Extensions.Options": {
        "type": "Transitive",
        "resolved": "9.0.0",
        "contentHash": "y2146b3jrPI3Q0lokKXdKLpmXqakYbDIPDV6r3M8SqvSf45WwOTzkyfDpxnZXJsJQEpAsAqjUq5Pu8RCJMjubg==",
        "dependencies": {
          "Microsoft.Extensions.DependencyInjection.Abstractions": "9.0.0",
          "Microsoft.Extensions.Primitives": "9.0.0"
        }
      },
      "Microsoft.Extensions.Primitives": {
        "type": "Transitive",
        "resolved": "9.0.0",
        "contentHash": "N3qEBzmLMYiASUlKxxFIISP4AiwuPTHF5uCh+2CWSwwzAJiIYx0kBJsS30cp1nvhSySFAVi30jecD307jV+8Kg=="
      },
      "Microsoft.Testing.Extensions.TrxReport.Abstractions": {
        "type": "Transitive",
        "resolved": "1.4.3",
        "contentHash": "16sWznD6ZMok/zgW+vrO6zerCFMD9N+ey9bi1iV/e9xxsQb4V4y/aW6cY/Y7E9jA7pc+aZ6ffZby43yxQOoYZA==",
        "dependencies": {
          "Microsoft.Testing.Platform": "1.4.3"
        }
      },
      "Microsoft.Testing.Platform": {
        "type": "Transitive",
        "resolved": "1.4.3",
        "contentHash": "NedIbwl1T7+ZMeg7gwk0Db8/RFLf0siyVpeTcRMMOle6Xl/ujaYOM4Aduo8rEfVqNj3kcQ7blegpyT3dHi+0PA=="
      },
      "Microsoft.Testing.Platform.MSBuild": {
        "type": "Transitive",
        "resolved": "1.4.3",
        "contentHash": "1gGqgHtiZ6tZn/6Tby+qlKpNe5Ye/5LnxlSsyl4XMZ4m4V+Cu1K1m+gD1zxoxHIvLjgX8mCnQRK95MGBBFuumw==",
        "dependencies": {
          "Microsoft.Testing.Platform": "1.4.3"
        }
      },
      "Npgsql": {
        "type": "Transitive",
        "resolved": "9.0.2",
        "contentHash": "hCbO8box7i/XXiTFqCJ3GoowyLqx3JXxyrbOJ6om7dr+eAknvBNhhUHeJVGAQo44sySZTfdVffp4BrtPeLZOAA==",
        "dependencies": {
          "Microsoft.Extensions.Logging.Abstractions": "8.0.2"
        }
      },
      "SharpZipLib": {
        "type": "Transitive",
        "resolved": "1.4.2",
        "contentHash": "yjj+3zgz8zgXpiiC3ZdF/iyTBbz2fFvMxZFEBPUcwZjIvXOf37Ylm+K58hqMfIBt5JgU/Z2uoUS67JmTLe973A=="
      },
      "SSH.NET": {
        "type": "Transitive",
        "resolved": "2024.1.0",
        "contentHash": "pyOea9czgC+OwMoetuWtMuwRebOyskKkqTZtODgyEZ5K6JwV+Hh/GFiyYubl93YnEvmvNZeuyWyUDsb3LvBDYA=="
      },
      "xunit.analyzers": {
        "type": "Transitive",
        "resolved": "1.18.0",
        "contentHash": "OtFMHN8yqIcYP9wcVIgJrq01AfTxijjAqVDy/WeQVSyrDC1RzBWeQPztL49DN2syXRah8TYnfvk035s7L95EZQ=="
      },
      "xunit.v3.assert": {
        "type": "Transitive",
        "resolved": "1.0.0",
        "contentHash": "XGJP9QfdvT0cF14yPBe8uWQIEJaoaLXKhxWCE3W2mjugUYjiWVCoE1HtPDpoUiKRLcECvTJpmUHngebWTQUMog=="
      },
      "xunit.v3.common": {
        "type": "Transitive",
        "resolved": "1.0.0",
        "contentHash": "3w/BtAJe83G73KXpxrejrQw+eO51gmFrHUov5rq2jfb9nFUYWrSvdK55aIPh1SMXZMNka3qnCvkmhFVZ8o7PtA==",
        "dependencies": {
          "Microsoft.Bcl.AsyncInterfaces": "6.0.0"
        }
      },
      "xunit.v3.core": {
        "type": "Transitive",
        "resolved": "1.0.0",
        "contentHash": "1OIr5m7smSIHaNPUe8IJ3+UvsQb9KiIQMwUm2uDcLB3w8Z2e1sg0ND4TcVzNltCuWVEnXU73XpNHwrCNLbaQYA==",
        "dependencies": {
          "Microsoft.Testing.Platform.MSBuild": "1.4.3",
          "xunit.v3.extensibility.core": "[1.0.0]",
          "xunit.v3.runner.inproc.console": "[1.0.0]"
        }
      },
      "xunit.v3.extensibility.core": {
        "type": "Transitive",
        "resolved": "1.0.0",
        "contentHash": "TsRSMWPnrZ0uAPBKWCusQi5l406IlwtzIDguID70XrytDmD2H/9yUqoFruMpYfrLPep/vFnv+26L6/6J57TyVQ==",
        "dependencies": {
          "xunit.v3.common": "[1.0.0]"
        }
      },
      "xunit.v3.runner.common": {
        "type": "Transitive",
        "resolved": "1.0.0",
        "contentHash": "971vQ/IVmxWxKu6Rd9GlCBuoSTn2JH5S6GFUhlaCnMDpx36VjhrwVt2qS2RcMO6Hu4TlNyBEsZqgZ8g6HyMXSQ==",
        "dependencies": {
          "xunit.v3.common": "[1.0.0]"
        }
      },
      "xunit.v3.runner.inproc.console": {
        "type": "Transitive",
        "resolved": "1.0.0",
        "contentHash": "UwtiQZUVpxhulszBKH5Qvuu6Oxs8UXteZEOaOosP9lCXjvBvprxyeHFQCVfMuxKPbITx3MA7h9W7D5vgrR9lzQ==",
        "dependencies": {
          "Microsoft.Testing.Extensions.TrxReport.Abstractions": "1.4.3",
          "Microsoft.Testing.Platform": "1.4.3",
          "xunit.v3.extensibility.core": "[1.0.0]",
          "xunit.v3.runner.common": "[1.0.0]"
        }
      },
      "WorldDomination.SimpleTestcontainers.xUnit.v3.Databases": {
        "type": "Project",
        "dependencies": {
          "Testcontainers": "[4.1.0, )",
          "xunit.v3": "[1.0.0, )"
        }
      },
      "Microsoft.EntityFrameworkCore": {
        "type": "CentralTransitive",
        "requested": "[9.0.0, )",
        "resolved": "9.0.0",
        "contentHash": "wpG+nfnfDAw87R3ovAsUmjr3MZ4tYXf6bFqEPVAIKE6IfPml3DS//iX0DBnf8kWn5ZHSO5oi1m4d/Jf+1LifJQ==",
        "dependencies": {
          "Microsoft.EntityFrameworkCore.Abstractions": "9.0.0",
          "Microsoft.EntityFrameworkCore.Analyzers": "9.0.0",
          "Microsoft.Extensions.Caching.Memory": "9.0.0",
          "Microsoft.Extensions.Logging": "9.0.0"
        }
      },
      "Testcontainers": {
        "type": "CentralTransitive",
        "requested": "[4.1.0, )",
        "resolved": "4.1.0",
        "contentHash": "5oudr81h9084amKZrjVIWdVWycR2YhqT9ePnN/ID7xinwx3ZLAI4EhYiyurfrDMvWcHJp5+c9x+qPRxOcq1IXQ==",
        "dependencies": {
          "Docker.DotNet.Enhanced": "3.126.1",
          "Docker.DotNet.Enhanced.X509": "3.126.1",
          "Microsoft.Extensions.Logging.Abstractions": "8.0.2",
          "SSH.NET": "2024.1.0",
          "SharpZipLib": "1.4.2"
        }
      },
      "xunit.v3": {
        "type": "CentralTransitive",
        "requested": "[1.0.0, )",
        "resolved": "1.0.0",
        "contentHash": "jomUqCyfbILuGa4zWFAU1knj1n5/1H44ACDo7iu6DZlmmSbYlyYgB6Vzy8gxab6eh78otXDF/ntjktDCRkTMIg==",
        "dependencies": {
          "xunit.analyzers": "1.18.0",
          "xunit.v3.assert": "[1.0.0]",
          "xunit.v3.core": "[1.0.0]"
        }
      }
    }
  }
}